{
  "name": "@benefaction/sdk",
  "version": "1.0.0",
  "lockfileVersion": 3,
  "requires": true,
  "packages": {
    "": {
      "name": "@benefaction/sdk",
      "version": "1.0.0",
      "dependencies": {
        "@fleet-sdk/common": "^0.10.0"
      },
      "devDependencies": {
        "typescript": "^6.0.2"
      }
    },
    "node_modules/@fleet-sdk/common": {
      "version": "0.10.0",
      "resolved": "https://registry.npmjs.org/@fleet-sdk/common/-/common-0.10.0.tgz",
      "integrity": "sha512-N92zENyHYhKtKxhJ6jJbWgV3PCkCGM0LYLmn6OOXNqDVbwT9UFgHOTt7eXFd9tqIhwMMPCnlffNe4c+P+CnsJA==",
      "license": "MIT",
      "engines": {
        "node": ">=18"
      }
    },
    "node_modules/typescript": {
      "version": "6.0.2",
      "resolved": "https://registry.npmjs.org/typescript/-/typescript-6.0.2.tgz",
      "integrity": "sha512-bGdAIrZ0wiGDo5l8c++HWtbaNCWTS4UTv7RaTH/ThVIgjkveJt83m74bBHMJkuCbslY8ixgLBVZJIOiQlQTjfQ==",
      "dev": true,
      "license": "Apache-2.0",
      "bin": {
        "tsc": "bin/tsc",
        "tsserver": "bin/tsserver"
      },
      "engines": {
        "node": ">=14.17"
      }
    }
  }
}
